{
  "name": "amqp-nodejs",
  "version": "1.0.0",
  "lockfileVersion": 1,
  "dependencies": {
    "@types/amqplib": {
      "version": "0.5.2",
      "resolved": "http://registry.npm.taobao.org/@types/amqplib/download/@types/amqplib-0.5.2.tgz",
      "integrity": "sha1-UvEF5/956UDnN/rV4/TVS4uJ4rE=",
      "dev": true
    },
    "@types/bluebird": {
      "version": "3.5.5",
      "resolved": "http://registry.npm.taobao.org/@types/bluebird/download/@types/bluebird-3.5.5.tgz",
      "integrity": "sha1-PH6M9mC51g6iXHh/3SWN22q7OE0=",
      "dev": true
    },
    "@types/debug": {
      "version": "0.0.29",
      "resolved": "http://registry.npm.taobao.org/@types/debug/download/@types/debug-0.0.29.tgz",
      "integrity": "sha1-oeUUrfvZLwOiJLpU1pMRHb8fN1Q=",
      "dev": true
    },
    "@types/node": {
      "version": "7.0.31",
      "resolved": "http://registry.npm.taobao.org/@types/node/download/@types/node-7.0.31.tgz",
      "integrity": "sha1-gOpNF1WZsqABScKaEKTrLf9ZLoY=",
      "dev": true
    },
    "amqplib": {
      "version": "0.5.1",
      "resolved": "http://registry.npm.taobao.org/amqplib/download/amqplib-0.5.1.tgz",
      "integrity": "sha1-fMz+ur5WwumE6noiQ/fO/m+/xs8="
    },
    "bitsyntax": {
      "version": "0.0.4",
      "resolved": "http://registry.npm.taobao.org/bitsyntax/download/bitsyntax-0.0.4.tgz",
      "integrity": "sha1-6xDMb4K4xJDj6FaY8H6D1G4MuoI="
    },
    "bluebird": {
      "version": "3.5.0",
      "resolved": "http://registry.npm.taobao.org/bluebird/download/bluebird-3.5.0.tgz",
      "integrity": "sha1-eRQg1/VR7qKJdFOop3ZT+WYG1nw="
    },
    "buffer-more-ints": {
      "version": "0.0.2",
      "resolved": "http://registry.npm.taobao.org/buffer-more-ints/download/buffer-more-ints-0.0.2.tgz",
      "integrity": "sha1-JrOIXRD6E9t/wBquOquHAZngEkw="
    },
    "core-util-is": {
      "version": "1.0.2",
      "resolved": "http://registry.npm.taobao.org/core-util-is/download/core-util-is-1.0.2.tgz",
      "integrity": "sha1-tf1UIgqivFq1eqtxQMlAdUUDwac="
    },
    "debug": {
      "version": "2.6.8",
      "resolved": "http://registry.npm.taobao.org/debug/download/debug-2.6.8.tgz",
      "integrity": "sha1-5zFTHKLt4n0YgiJCfaF4IdaP9Pw="
    },
    "inherits": {
      "version": "2.0.3",
      "resolved": "http://registry.npm.taobao.org/inherits/download/inherits-2.0.3.tgz",
      "integrity": "sha1-Yzwsg+PaQqUC9SRmAiSA9CCCYd4="
    },
    "isarray": {
      "version": "0.0.1",
      "resolved": "http://registry.npm.taobao.org/isarray/download/isarray-0.0.1.tgz",
      "integrity": "sha1-ihis/Kmo9Bd+Cav8YDiTmwXR7t8="
    },
    "ms": {
      "version": "2.0.0",
      "resolved": "http://registry.npm.taobao.org/ms/download/ms-2.0.0.tgz",
      "integrity": "sha1-VgiurfwAvmwpAd9fmGF4jeDVl8g="
    },
    "readable-stream": {
      "version": "1.1.14",
      "resolved": "http://registry.npm.taobao.org/readable-stream/download/readable-stream-1.1.14.tgz",
      "integrity": "sha1-fPTFTvZI44EwhMY23SB54WbAgdk="
    },
    "string_decoder": {
      "version": "0.10.31",
      "resolved": "http://registry.npm.taobao.org/string_decoder/download/string_decoder-0.10.31.tgz",
      "integrity": "sha1-YuIDvEF2bGwoyfyEMB2rHFMQ+pQ="
    }
  }
}
